
Microsoft Visual Studio Solution File, Format Version 12.00
# Visual Studio Version 16
VisualStudioVersion = 16.0.30503.244
MinimumVisualStudioVersion = 10.0.40219.1
Project("{FAE04EC0-301F-11D3-BF4B-00C04F79EFBC}") = "We Split", "We Split.csproj", "{6EBD049B-4AD0-4349-A335-2F85D3380656}"
EndProject
Global
	GlobalSection(SolutionConfigurationPlatforms) = preSolution
		Debug|Any CPU = Debug|Any CPU
		Release|Any CPU = Release|Any CPU
	EndGlobalSection
	GlobalSection(ProjectConfigurationPlatforms) = postSolution
		{6EBD049B-4AD0-4349-A335-2F85D3380656}.Debug|Any CPU.ActiveCfg = Debug|Any CPU
		{6EBD049B-4AD0-4349-A335-2F85D3380656}.Debug|Any CPU.Build.0 = Debug|Any CPU
		{6EBD049B-4AD0-4349-A335-2F85D3380656}.Release|Any CPU.ActiveCfg = Release|Any CPU
		{6EBD049B-4AD0-4349-A335-2F85D3380656}.Release|Any CPU.Build.0 = Release|Any CPU
	EndGlobalSection
	GlobalSection(SolutionProperties) = preSolution
		HideSolutionNode = FALSE
	EndGlobalSection
	GlobalSection(ExtensibilityGlobals) = postSolution
		SolutionGuid = {BF2990F3-EA3F-4A98-86D2-EE99753ACBFB}
	EndGlobalSection
EndGlobal
